{
  "name": "tashev-relay",
  "version": "0.1.0",
  "lockfileVersion": 3,
  "requires": true,
  "packages": {
    "": {
      "name": "tashev-relay",
      "version": "0.1.0",
      "license": "MIT",
      "bin": {
        "relay": "bin/relay.js"
      },
      "engines": {
        "node": ">=18"
      }
    }
  }
}
